
Microsoft Visual Studio Solution File, Format Version 12.00
# Visual Studio Version 17
VisualStudioVersion = 17.10.35004.147
MinimumVisualStudioVersion = 10.0.40219.1
Project("{FAE04EC0-301F-11D3-BF4B-00C04F79EFBC}") = "Kaffemaskinen", "Kaffemaskinen\Kaffemaskinen.csproj", "{07FD39B3-1B19-432D-A5D5-15AA4E4513CF}"
EndProject
Global
	GlobalSection(SolutionConfigurationPlatforms) = preSolution
		Debug|Any CPU = Debug|Any CPU
		Release|Any CPU = Release|Any CPU
	EndGlobalSection
	GlobalSection(ProjectConfigurationPlatforms) = postSolution
		{07FD39B3-1B19-432D-A5D5-15AA4E4513CF}.Debug|Any CPU.ActiveCfg = Debug|Any CPU
		{07FD39B3-1B19-432D-A5D5-15AA4E4513CF}.Debug|Any CPU.Build.0 = Debug|Any CPU
		{07FD39B3-1B19-432D-A5D5-15AA4E4513CF}.Release|Any CPU.ActiveCfg = Release|Any CPU
		{07FD39B3-1B19-432D-A5D5-15AA4E4513CF}.Release|Any CPU.Build.0 = Release|Any CPU
	EndGlobalSection
	GlobalSection(SolutionProperties) = preSolution
		HideSolutionNode = FALSE
	EndGlobalSection
	GlobalSection(ExtensibilityGlobals) = postSolution
		SolutionGuid = {070F853F-6C8E-4803-AFF0-1062B307D4DB}
	EndGlobalSection
EndGlobal
